// !$*UTF8*$!
{
	archiveVersion = 1;
	classes = {
	};
	objectVersion = 56;
	objects = {

/* Begin PBXBuildFile section */
		18095E7029C54EEE00A92E7C /* CardView.swift in Sources */ = {isa = PBXBuildFile; fileRef = 18095E6F29C54EEE00A92E7C /* CardView.swift */; };
		18095E7229C55B8E00A92E7C /* HeaderView.swift in Sources */ = {isa = PBXBuildFile; fileRef = 18095E7129C55B8E00A92E7C /* HeaderView.swift */; };
		18095E7429C5925B00A92E7C /* FooterView.swift in Sources */ = {isa = PBXBuildFile; fileRef = 18095E7329C5925B00A92E7C /* FooterView.swift */; };
		18095E7729C5A35400A92E7C /* HeaderComponent.swift in Sources */ = {isa = PBXBuildFile; fileRef = 18095E7629C5A35400A92E7C /* HeaderComponent.swift */; };
		18095E7929C5A3EA00A92E7C /* GuideComponent.swift in Sources */ = {isa = PBXBuildFile; fileRef = 18095E7829C5A3EA00A92E7C /* GuideComponent.swift */; };
		18095E7B29C5A5B400A92E7C /* GuideView.swift in Sources */ = {isa = PBXBuildFile; fileRef = 18095E7A29C5A5B400A92E7C /* GuideView.swift */; };
		18955FA629C4D958000520CD /* HoneymoonApp.swift in Sources */ = {isa = PBXBuildFile; fileRef = 18955FA529C4D958000520CD /* HoneymoonApp.swift */; };
		18955FA829C4D958000520CD /* ContentView.swift in Sources */ = {isa = PBXBuildFile; fileRef = 18955FA729C4D958000520CD /* ContentView.swift */; };
		18955FAA29C4D95A000520CD /* Assets.xcassets in Resources */ = {isa = PBXBuildFile; fileRef = 18955FA929C4D95A000520CD /* Assets.xcassets */; };
		18955FAD29C4D95A000520CD /* Preview Assets.xcassets in Resources */ = {isa = PBXBuildFile; fileRef = 18955FAC29C4D95A000520CD /* Preview Assets.xcassets */; };
		18955FB629C4DABF000520CD /* sound-rise.mp3 in Resources */ = {isa = PBXBuildFile; fileRef = 18955FB429C4DABF000520CD /* sound-rise.mp3 */; };
		18955FB729C4DABF000520CD /* sound-click.mp3 in Resources */ = {isa = PBXBuildFile; fileRef = 18955FB529C4DABF000520CD /* sound-click.mp3 */; };
		18955FB929C4DAF3000520CD /* HoneymoonModel.swift in Sources */ = {isa = PBXBuildFile; fileRef = 18955FB829C4DAF3000520CD /* HoneymoonModel.swift */; };
		18955FBC29C4DB47000520CD /* HoneymoonData.swift in Sources */ = {isa = PBXBuildFile; fileRef = 18955FBB29C4DB47000520CD /* HoneymoonData.swift */; };
		18E94C2729CADC2A00BB11EA /* SymbolModifier.swift in Sources */ = {isa = PBXBuildFile; fileRef = 18E94C2629CADC2A00BB11EA /* SymbolModifier.swift */; };
		18F1375529CED458002FA912 /* CardTransition.swift in Sources */ = {isa = PBXBuildFile; fileRef = 18F1375429CED458002FA912 /* CardTransition.swift */; };
		18F1375829CED878002FA912 /* PlaySound.swift in Sources */ = {isa = PBXBuildFile; fileRef = 18F1375729CED878002FA912 /* PlaySound.swift */; };
		18FB625929C838C300CDFBAA /* InfoView.swift in Sources */ = {isa = PBXBuildFile; fileRef = 18FB625829C838C300CDFBAA /* InfoView.swift */; };
		18FB625B29C8397E00CDFBAA /* TitleModifier.swift in Sources */ = {isa = PBXBuildFile; fileRef = 18FB625A29C8397E00CDFBAA /* TitleModifier.swift */; };
		18FB625E29C83AC400CDFBAA /* ButtonModifier.swift in Sources */ = {isa = PBXBuildFile; fileRef = 18FB625D29C83AC400CDFBAA /* ButtonModifier.swift */; };
/* End PBXBuildFile section */

/* Begin PBXFileReference section */
		18095E6F29C54EEE00A92E7C /* CardView.swift */ = {isa = PBXFileReference; lastKnownFileType = sourcecode.swift; path = CardView.swift; sourceTree = "<group>"; };
		18095E7129C55B8E00A92E7C /* HeaderView.swift */ = {isa = PBXFileReference; lastKnownFileType = sourcecode.swift; path = HeaderView.swift; sourceTree = "<group>"; };
		18095E7329C5925B00A92E7C /* FooterView.swift */ = {isa = PBXFileReference; lastKnownFileType = sourcecode.swift; path = FooterView.swift; sourceTree = "<group>"; };
		18095E7629C5A35400A92E7C /* HeaderComponent.swift */ = {isa = PBXFileReference; lastKnownFileType = sourcecode.swift; path = HeaderComponent.swift; sourceTree = "<group>"; };
		18095E7829C5A3EA00A92E7C /* GuideComponent.swift */ = {isa = PBXFileReference; lastKnownFileType = sourcecode.swift; path = GuideComponent.swift; sourceTree = "<group>"; };
		18095E7A29C5A5B400A92E7C /* GuideView.swift */ = {isa = PBXFileReference; lastKnownFileType = sourcecode.swift; path = GuideView.swift; sourceTree = "<group>"; };
		18955FA229C4D958000520CD /* Honeymoon.app */ = {isa = PBXFileReference; explicitFileType = wrapper.application; includeInIndex = 0; path = Honeymoon.app; sourceTree = BUILT_PRODUCTS_DIR; };
		18955FA529C4D958000520CD /* HoneymoonApp.swift */ = {isa = PBXFileReference; lastKnownFileType = sourcecode.swift; path = HoneymoonApp.swift; sourceTree = "<group>"; };
		18955FA729C4D958000520CD /* ContentView.swift */ = {isa = PBXFileReference; lastKnownFileType = sourcecode.swift; path = ContentView.swift; sourceTree = "<group>"; };
		18955FA929C4D95A000520CD /* Assets.xcassets */ = {isa = PBXFileReference; lastKnownFileType = folder.assetcatalog; path = Assets.xcassets; sourceTree = "<group>"; };
		18955FAC29C4D95A000520CD /* Preview Assets.xcassets */ = {isa = PBXFileReference; lastKnownFileType = folder.assetcatalog; path = "Preview Assets.xcassets"; sourceTree = "<group>"; };
		18955FB429C4DABF000520CD /* sound-rise.mp3 */ = {isa = PBXFileReference; lastKnownFileType = audio.mp3; path = "sound-rise.mp3"; sourceTree = "<group>"; };
		18955FB529C4DABF000520CD /* sound-click.mp3 */ = {isa = PBXFileReference; lastKnownFileType = audio.mp3; path = "sound-click.mp3"; sourceTree = "<group>"; };
		18955FB829C4DAF3000520CD /* HoneymoonModel.swift */ = {isa = PBXFileReference; lastKnownFileType = sourcecode.swift; path = HoneymoonModel.swift; sourceTree = "<group>"; };
		18955FBB29C4DB47000520CD /* HoneymoonData.swift */ = {isa = PBXFileReference; lastKnownFileType = sourcecode.swift; path = HoneymoonData.swift; sourceTree = "<group>"; };
		18E94C2629CADC2A00BB11EA /* SymbolModifier.swift */ = {isa = PBXFileReference; lastKnownFileType = sourcecode.swift; path = SymbolModifier.swift; sourceTree = "<group>"; };
		18F1375429CED458002FA912 /* CardTransition.swift */ = {isa = PBXFileReference; lastKnownFileType = sourcecode.swift; path = CardTransition.swift; sourceTree = "<group>"; };
		18F1375729CED878002FA912 /* PlaySound.swift */ = {isa = PBXFileReference; lastKnownFileType = sourcecode.swift; path = PlaySound.swift; sourceTree = "<group>"; };
		18FB625829C838C300CDFBAA /* InfoView.swift */ = {isa = PBXFileReference; lastKnownFileType = sourcecode.swift; path = InfoView.swift; sourceTree = "<group>"; };
		18FB625A29C8397E00CDFBAA /* TitleModifier.swift */ = {isa = PBXFileReference; lastKnownFileType = sourcecode.swift; path = TitleModifier.swift; sourceTree = "<group>"; };
		18FB625D29C83AC400CDFBAA /* ButtonModifier.swift */ = {isa = PBXFileReference; lastKnownFileType = sourcecode.swift; path = ButtonModifier.swift; sourceTree = "<group>"; };
/* End PBXFileReference section */

/* Begin PBXFrameworksBuildPhase section */
		18955F9F29C4D958000520CD /* Frameworks */ = {
			isa = PBXFrameworksBuildPhase;
			buildActionMask = 2147483647;
			files = (
			);
			runOnlyForDeploymentPostprocessing = 0;
		};
/* End PBXFrameworksBuildPhase section */

/* Begin PBXGroup section */
		18095E6E29C54ECC00A92E7C /* View */ = {
			isa = PBXGroup;
			children = (
				18955FA729C4D958000520CD /* ContentView.swift */,
				18095E6F29C54EEE00A92E7C /* CardView.swift */,
				18095E7129C55B8E00A92E7C /* HeaderView.swift */,
				18095E7329C5925B00A92E7C /* FooterView.swift */,
				18095E7A29C5A5B400A92E7C /* GuideView.swift */,
				18FB625829C838C300CDFBAA /* InfoView.swift */,
			);
			path = View;
			sourceTree = "<group>";
		};
		18095E7529C5A34600A92E7C /* Component */ = {
			isa = PBXGroup;
			children = (
				18095E7629C5A35400A92E7C /* HeaderComponent.swift */,
				18095E7829C5A3EA00A92E7C /* GuideComponent.swift */,
			);
			path = Component;
			sourceTree = "<group>";
		};
		18955F9929C4D958000520CD = {
			isa = PBXGroup;
			children = (
				18955FA429C4D958000520CD /* Honeymoon */,
				18955FA329C4D958000520CD /* Products */,
			);
			sourceTree = "<group>";
		};
		18955FA329C4D958000520CD /* Products */ = {
			isa = PBXGroup;
			children = (
				18955FA229C4D958000520CD /* Honeymoon.app */,
			);
			name = Products;
			sourceTree = "<group>";
		};
		18955FA429C4D958000520CD /* Honeymoon */ = {
			isa = PBXGroup;
			children = (
				18F1375629CED865002FA912 /* Helper */,
				18F1375329CED433002FA912 /* Extension */,
				18FB625C29C839BE00CDFBAA /* Modifier */,
				18095E7529C5A34600A92E7C /* Component */,
				18955FBA29C4DAFD000520CD /* Model */,
				18955FBD29C4DB52000520CD /* Data */,
				18955FA529C4D958000520CD /* HoneymoonApp.swift */,
				18095E6E29C54ECC00A92E7C /* View */,
				18955FA929C4D95A000520CD /* Assets.xcassets */,
				18955FB329C4DABF000520CD /* Sounds */,
				18955FAB29C4D95A000520CD /* Preview Content */,
			);
			path = Honeymoon;
			sourceTree = "<group>";
		};
		18955FAB29C4D95A000520CD /* Preview Content */ = {
			isa = PBXGroup;
			children = (
				18955FAC29C4D95A000520CD /* Preview Assets.xcassets */,
			);
			path = "Preview Content";
			sourceTree = "<group>";
		};
		18955FB329C4DABF000520CD /* Sounds */ = {
			isa = PBXGroup;
			children = (
				18955FB429C4DABF000520CD /* sound-rise.mp3 */,
				18955FB529C4DABF000520CD /* sound-click.mp3 */,
			);
			path = Sounds;
			sourceTree = "<group>";
		};
		18955FBA29C4DAFD000520CD /* Model */ = {
			isa = PBXGroup;
			children = (
				18955FB829C4DAF3000520CD /* HoneymoonModel.swift */,
			);
			path = Model;
			sourceTree = "<group>";
		};
		18955FBD29C4DB52000520CD /* Data */ = {
			isa = PBXGroup;
			children = (
				18955FBB29C4DB47000520CD /* HoneymoonData.swift */,
			);
			path = Data;
			sourceTree = "<group>";
		};
		18F1375329CED433002FA912 /* Extension */ = {
			isa = PBXGroup;
			children = (
				18F1375429CED458002FA912 /* CardTransition.swift */,
			);
			path = Extension;
			sourceTree = "<group>";
		};
		18F1375629CED865002FA912 /* Helper */ = {
			isa = PBXGroup;
			children = (
				18F1375729CED878002FA912 /* PlaySound.swift */,
			);
			path = Helper;
			sourceTree = "<group>";
		};
		18FB625C29C839BE00CDFBAA /* Modifier */ = {
			isa = PBXGroup;
			children = (
				18FB625A29C8397E00CDFBAA /* TitleModifier.swift */,
				18FB625D29C83AC400CDFBAA /* ButtonModifier.swift */,
				18E94C2629CADC2A00BB11EA /* SymbolModifier.swift */,
			);
			path = Modifier;
			sourceTree = "<group>";
		};
/* End PBXGroup section */

/* Begin PBXNativeTarget section */
		18955FA129C4D958000520CD /* Honeymoon */ = {
			isa = PBXNativeTarget;
			buildConfigurationList = 18955FB029C4D95A000520CD /* Build configuration list for PBXNativeTarget "Honeymoon" */;
			buildPhases = (
				18955F9E29C4D958000520CD /* Sources */,
				18955F9F29C4D958000520CD /* Frameworks */,
				18955FA029C4D958000520CD /* Resources */,
			);
			buildRules = (
			);
			dependencies = (
			);
			name = Honeymoon;
			productName = Honeymoon;
			productReference = 18955FA229C4D958000520CD /* Honeymoon.app */;
			productType = "com.apple.product-type.application";
		};
/* End PBXNativeTarget section */

/* Begin PBXProject section */
		18955F9A29C4D958000520CD /* Project object */ = {
			isa = PBXProject;
			attributes = {
				BuildIndependentTargetsInParallel = 1;
				LastSwiftUpdateCheck = 1400;
				LastUpgradeCheck = 1400;
				TargetAttributes = {
					18955FA129C4D958000520CD = {
						CreatedOnToolsVersion = 14.0;
					};
				};
			};
			buildConfigurationList = 18955F9D29C4D958000520CD /* Build configuration list for PBXProject "Honeymoon" */;
			compatibilityVersion = "Xcode 14.0";
			developmentRegion = en;
			hasScannedForEncodings = 0;
			knownRegions = (
				en,
				Base,
			);
			mainGroup = 18955F9929C4D958000520CD;
			productRefGroup = 18955FA329C4D958000520CD /* Products */;
			projectDirPath = "";
			projectRoot = "";
			targets = (
				18955FA129C4D958000520CD /* Honeymoon */,
			);
		};
/* End PBXProject section */

/* Begin PBXResourcesBuildPhase section */
		18955FA029C4D958000520CD /* Resources */ = {
			isa = PBXResourcesBuildPhase;
			buildActionMask = 2147483647;
			files = (
				18955FB629C4DABF000520CD /* sound-rise.mp3 in Resources */,
				18955FB729C4DABF000520CD /* sound-click.mp3 in Resources */,
				18955FAD29C4D95A000520CD /* Preview Assets.xcassets in Resources */,
				18955FAA29C4D95A000520CD /* Assets.xcassets in Resources */,
			);
			runOnlyForDeploymentPostprocessing = 0;
		};
/* End PBXResourcesBuildPhase section */

/* Begin PBXSourcesBuildPhase section */
		18955F9E29C4D958000520CD /* Sources */ = {
			isa = PBXSourcesBuildPhase;
			buildActionMask = 2147483647;
			files = (
				18095E7029C54EEE00A92E7C /* CardView.swift in Sources */,
				18FB625929C838C300CDFBAA /* InfoView.swift in Sources */,
				18095E7429C5925B00A92E7C /* FooterView.swift in Sources */,
				18FB625B29C8397E00CDFBAA /* TitleModifier.swift in Sources */,
				18F1375529CED458002FA912 /* CardTransition.swift in Sources */,
				18E94C2729CADC2A00BB11EA /* SymbolModifier.swift in Sources */,
				18095E7229C55B8E00A92E7C /* HeaderView.swift in Sources */,
				18955FBC29C4DB47000520CD /* HoneymoonData.swift in Sources */,
				18FB625E29C83AC400CDFBAA /* ButtonModifier.swift in Sources */,
				18F1375829CED878002FA912 /* PlaySound.swift in Sources */,
				18095E7729C5A35400A92E7C /* HeaderComponent.swift in Sources */,
				18955FB929C4DAF3000520CD /* HoneymoonModel.swift in Sources */,
				18955FA829C4D958000520CD /* ContentView.swift in Sources */,
				18955FA629C4D958000520CD /* HoneymoonApp.swift in Sources */,
				18095E7929C5A3EA00A92E7C /* GuideComponent.swift in Sources */,
				18095E7B29C5A5B400A92E7C /* GuideView.swift in Sources */,
			);
			runOnlyForDeploymentPostprocessing = 0;
		};
/* End PBXSourcesBuildPhase section */

/* Begin XCBuildConfiguration section */
		18955FAE29C4D95A000520CD /* Debug */ = {
			isa = XCBuildConfiguration;
			buildSettings = {
				ALWAYS_SEARCH_USER_PATHS = NO;
				CLANG_ANALYZER_NONNULL = YES;
				CLANG_ANALYZER_NUMBER_OBJECT_CONVERSION = YES_AGGRESSIVE;
				CLANG_CXX_LANGUAGE_STANDARD = "gnu++20";
				CLANG_ENABLE_MODULES = YES;
				CLANG_ENABLE_OBJC_ARC = YES;
				CLANG_ENABLE_OBJC_WEAK = YES;
				CLANG_WARN_BLOCK_CAPTURE_AUTORELEASING = YES;
				CLANG_WARN_BOOL_CONVERSION = YES;
				CLANG_WARN_COMMA = YES;
				CLANG_WARN_CONSTANT_CONVERSION = YES;
				CLANG_WARN_DEPRECATED_OBJC_IMPLEMENTATIONS = YES;
				CLANG_WARN_DIRECT_OBJC_ISA_USAGE = YES_ERROR;
				CLANG_WARN_DOCUMENTATION_COMMENTS = YES;
				CLANG_WARN_EMPTY_BODY = YES;
				CLANG_WARN_ENUM_CONVERSION = YES;
				CLANG_WARN_INFINITE_RECURSION = YES;
				CLANG_WARN_INT_CONVERSION = YES;
				CLANG_WARN_NON_LITERAL_NULL_CONVERSION = YES;
				CLANG_WARN_OBJC_IMPLICIT_RETAIN_SELF = YES;
				CLANG_WARN_OBJC_LITERAL_CONVERSION = YES;
				CLANG_WARN_OBJC_ROOT_CLASS = YES_ERROR;
				CLANG_WARN_QUOTED_INCLUDE_IN_FRAMEWORK_HEADER = YES;
				CLANG_WARN_RANGE_LOOP_ANALYSIS = YES;
				CLANG_WARN_STRICT_PROTOTYPES = YES;
				CLANG_WARN_SUSPICIOUS_MOVE = YES;
				CLANG_WARN_UNGUARDED_AVAILABILITY = YES_AGGRESSIVE;
				CLANG_WARN_UNREACHABLE_CODE = YES;
				CLANG_WARN__DUPLICATE_METHOD_MATCH = YES;
				COPY_PHASE_STRIP = NO;
				DEBUG_INFORMATION_FORMAT = dwarf;
				ENABLE_STRICT_OBJC_MSGSEND = YES;
				ENABLE_TESTABILITY = YES;
				GCC_C_LANGUAGE_STANDARD = gnu11;
				GCC_DYNAMIC_NO_PIC = NO;
				GCC_NO_COMMON_BLOCKS = YES;
				GCC_OPTIMIZATION_LEVEL = 0;
				GCC_PREPROCESSOR_DEFINITIONS = (
					"DEBUG=1",
					"$(inherited)",
				);
				GCC_WARN_64_TO_32_BIT_CONVERSION = YES;
				GCC_WARN_ABOUT_RETURN_TYPE = YES_ERROR;
				GCC_WARN_UNDECLARED_SELECTOR = YES;
				GCC_WARN_UNINITIALIZED_AUTOS = YES_AGGRESSIVE;
				GCC_WARN_UNUSED_FUNCTION = YES;
				GCC_WARN_UNUSED_VARIABLE = YES;
				IPHONEOS_DEPLOYMENT_TARGET = 16.0;
				MTL_ENABLE_DEBUG_INFO = INCLUDE_SOURCE;
				MTL_FAST_MATH = YES;
				ONLY_ACTIVE_ARCH = YES;
				SDKROOT = iphoneos;
				SWIFT_ACTIVE_COMPILATION_CONDITIONS = DEBUG;
				SWIFT_OPTIMIZATION_LEVEL = "-Onone";
			};
			name = Debug;
		};
		18955FAF29C4D95A000520CD /* Release */ = {
			isa = XCBuildConfiguration;
			buildSettings = {
				ALWAYS_SEARCH_USER_PATHS = NO;
				CLANG_ANALYZER_NONNULL = YES;
				CLANG_ANALYZER_NUMBER_OBJECT_CONVERSION = YES_AGGRESSIVE;
				CLANG_CXX_LANGUAGE_STANDARD = "gnu++20";
				CLANG_ENABLE_MODULES = YES;
				CLANG_ENABLE_OBJC_ARC = YES;
				CLANG_ENABLE_OBJC_WEAK = YES;
				CLANG_WARN_BLOCK_CAPTURE_AUTORELEASING = YES;
				CLANG_WARN_BOOL_CONVERSION = YES;
				CLANG_WARN_COMMA = YES;
				CLANG_WARN_CONSTANT_CONVERSION = YES;
				CLANG_WARN_DEPRECATED_OBJC_IMPLEMENTATIONS = YES;
				CLANG_WARN_DIRECT_OBJC_ISA_USAGE = YES_ERROR;
				CLANG_WARN_DOCUMENTATION_COMMENTS = YES;
				CLANG_WARN_EMPTY_BODY = YES;
				CLANG_WARN_ENUM_CONVERSION = YES;
				CLANG_WARN_INFINITE_RECURSION = YES;
				CLANG_WARN_INT_CONVERSION = YES;
				CLANG_WARN_NON_LITERAL_NULL_CONVERSION = YES;
				CLANG_WARN_OBJC_IMPLICIT_RETAIN_SELF = YES;
				CLANG_WARN_OBJC_LITERAL_CONVERSION = YES;
				CLANG_WARN_OBJC_ROOT_CLASS = YES_ERROR;
				CLANG_WARN_QUOTED_INCLUDE_IN_FRAMEWORK_HEADER = YES;
				CLANG_WARN_RANGE_LOOP_ANALYSIS = YES;
				CLANG_WARN_STRICT_PROTOTYPES = YES;
				CLANG_WARN_SUSPICIOUS_MOVE = YES;
				CLANG_WARN_UNGUARDED_AVAILABILITY = YES_AGGRESSIVE;
				CLANG_WARN_UNREACHABLE_CODE = YES;
				CLANG_WARN__DUPLICATE_METHOD_MATCH = YES;
				COPY_PHASE_STRIP = NO;
				DEBUG_INFORMATION_FORMAT = "dwarf-with-dsym";
				ENABLE_NS_ASSERTIONS = NO;
				ENABLE_STRICT_OBJC_MSGSEND = YES;
				GCC_C_LANGUAGE_STANDARD = gnu11;
				GCC_NO_COMMON_BLOCKS = YES;
				GCC_WARN_64_TO_32_BIT_CONVERSION = YES;
				GCC_WARN_ABOUT_RETURN_TYPE = YES_ERROR;
				GCC_WARN_UNDECLARED_SELECTOR = YES;
				GCC_WARN_UNINITIALIZED_AUTOS = YES_AGGRESSIVE;
				GCC_WARN_UNUSED_FUNCTION = YES;
				GCC_WARN_UNUSED_VARIABLE = YES;
				IPHONEOS_DEPLOYMENT_TARGET = 16.0;
				MTL_ENABLE_DEBUG_INFO = NO;
				MTL_FAST_MATH = YES;
				SDKROOT = iphoneos;
				SWIFT_COMPILATION_MODE = wholemodule;
				SWIFT_OPTIMIZATION_LEVEL = "-O";
				VALIDATE_PRODUCT = YES;
			};
			name = Release;
		};
		18955FB129C4D95A000520CD /* Debug */ = {
			isa = XCBuildConfiguration;
			buildSettings = {
				ASSETCATALOG_COMPILER_APPICON_NAME = AppIcon;
				ASSETCATALOG_COMPILER_GLOBAL_ACCENT_COLOR_NAME = AccentColor;
				CODE_SIGN_STYLE = Automatic;
				CURRENT_PROJECT_VERSION = 1;
				DEVELOPMENT_ASSET_PATHS = "\"Honeymoon/Preview Content\"";
				DEVELOPMENT_TEAM = A8MY7W6Z5F;
				ENABLE_PREVIEWS = YES;
				GENERATE_INFOPLIST_FILE = YES;
				INFOPLIST_KEY_UIApplicationSceneManifest_Generation = YES;
				INFOPLIST_KEY_UIApplicationSupportsIndirectInputEvents = YES;
				INFOPLIST_KEY_UILaunchScreen_Generation = YES;
				INFOPLIST_KEY_UISupportedInterfaceOrientations = UIInterfaceOrientationPortrait;
				INFOPLIST_KEY_UISupportedInterfaceOrientations_iPad = "UIInterfaceOrientationLandscapeLeft UIInterfaceOrientationLandscapeRight UIInterfaceOrientationPortrait UIInterfaceOrientationPortraitUpsideDown";
				LD_RUNPATH_SEARCH_PATHS = (
					"$(inherited)",
					"@executable_path/Frameworks",
				);
				MARKETING_VERSION = 1.0;
				PRODUCT_BUNDLE_IDENTIFIER = com.Todo.gs.Honeymoon;
				PRODUCT_NAME = "$(TARGET_NAME)";
				SWIFT_EMIT_LOC_STRINGS = YES;
				SWIFT_VERSION = 5.0;
				TARGETED_DEVICE_FAMILY = "1,2";
			};
			name = Debug;
		};
		18955FB229C4D95A000520CD /* Release */ = {
			isa = XCBuildConfiguration;
			buildSettings = {
				ASSETCATALOG_COMPILER_APPICON_NAME = AppIcon;
				ASSETCATALOG_COMPILER_GLOBAL_ACCENT_COLOR_NAME = AccentColor;
				CODE_SIGN_STYLE = Automatic;
				CURRENT_PROJECT_VERSION = 1;
				DEVELOPMENT_ASSET_PATHS = "\"Honeymoon/Preview Content\"";
				DEVELOPMENT_TEAM = A8MY7W6Z5F;
				ENABLE_PREVIEWS = YES;
				GENERATE_INFOPLIST_FILE = YES;
				INFOPLIST_KEY_UIApplicationSceneManifest_Generation = YES;
				INFOPLIST_KEY_UIApplicationSupportsIndirectInputEvents = YES;
				INFOPLIST_KEY_UILaunchScreen_Generation = YES;
				INFOPLIST_KEY_UISupportedInterfaceOrientations = UIInterfaceOrientationPortrait;
				INFOPLIST_KEY_UISupportedInterfaceOrientations_iPad = "UIInterfaceOrientationLandscapeLeft UIInterfaceOrientationLandscapeRight UIInterfaceOrientationPortrait UIInterfaceOrientationPortraitUpsideDown";
				LD_RUNPATH_SEARCH_PATHS = (
					"$(inherited)",
					"@executable_path/Frameworks",
				);
				MARKETING_VERSION = 1.0;
				PRODUCT_BUNDLE_IDENTIFIER = com.Todo.gs.Honeymoon;
				PRODUCT_NAME = "$(TARGET_NAME)";
				SWIFT_EMIT_LOC_STRINGS = YES;
				SWIFT_VERSION = 5.0;
				TARGETED_DEVICE_FAMILY = "1,2";
			};
			name = Release;
		};
/* End XCBuildConfiguration section */

/* Begin XCConfigurationList section */
		18955F9D29C4D958000520CD /* Build configuration list for PBXProject "Honeymoon" */ = {
			isa = XCConfigurationList;
			buildConfigurations = (
				18955FAE29C4D95A000520CD /* Debug */,
				18955FAF29C4D95A000520CD /* Release */,
			);
			defaultConfigurationIsVisible = 0;
			defaultConfigurationName = Release;
		};
		18955FB029C4D95A000520CD /* Build configuration list for PBXNativeTarget "Honeymoon" */ = {
			isa = XCConfigurationList;
			buildConfigurations = (
				18955FB129C4D95A000520CD /* Debug */,
				18955FB229C4D95A000520CD /* Release */,
			);
			defaultConfigurationIsVisible = 0;
			defaultConfigurationName = Release;
		};
/* End XCConfigurationList section */
	};
	rootObject = 18955F9A29C4D958000520CD /* Project object */;
}
